
Microsoft Visual Studio Solution File, Format Version 12.00
# Visual Studio Version 17
VisualStudioVersion = 17.7.34018.315
MinimumVisualStudioVersion = 10.0.40219.1
Project("{FAE04EC0-301F-11D3-BF4B-00C04F79EFBC}") = "LibraryCore.EntityLayer", "LibraryCore.EntityLayer\LibraryCore.EntityLayer.csproj", "{D6CA553D-F9AD-41D6-ABE3-C370B0E271CF}"
EndProject
Project("{FAE04EC0-301F-11D3-BF4B-00C04F79EFBC}") = "LibraryCore.DataAccessLayer", "LibraryCore.DataAccessLayer\LibraryCore.DataAccessLayer.csproj", "{8E7F0AEC-03B7-431A-A062-DF892B9C081F}"
EndProject
Project("{FAE04EC0-301F-11D3-BF4B-00C04F79EFBC}") = "LibraryCore.BusinessLayer", "LibraryCore.BusinessLayer\LibraryCore.BusinessLayer.csproj", "{2FCA7FF2-333A-4718-86CE-205D6CC45151}"
EndProject
Project("{FAE04EC0-301F-11D3-BF4B-00C04F79EFBC}") = "LibraryCore.PresentationLayer", "LibraryCore.PresentationLayer\LibraryCore.PresentationLayer.csproj", "{D1A1AFE0-EE91-406A-A6D7-454F58B6D77E}"
EndProject
Global
	GlobalSection(SolutionConfigurationPlatforms) = preSolution
		Debug|Any CPU = Debug|Any CPU
		Release|Any CPU = Release|Any CPU
	EndGlobalSection
	GlobalSection(ProjectConfigurationPlatforms) = postSolution
		{D6CA553D-F9AD-41D6-ABE3-C370B0E271CF}.Debug|Any CPU.ActiveCfg = Debug|Any CPU
		{D6CA553D-F9AD-41D6-ABE3-C370B0E271CF}.Debug|Any CPU.Build.0 = Debug|Any CPU
		{D6CA553D-F9AD-41D6-ABE3-C370B0E271CF}.Release|Any CPU.ActiveCfg = Release|Any CPU
		{D6CA553D-F9AD-41D6-ABE3-C370B0E271CF}.Release|Any CPU.Build.0 = Release|Any CPU
		{8E7F0AEC-03B7-431A-A062-DF892B9C081F}.Debug|Any CPU.ActiveCfg = Debug|Any CPU
		{8E7F0AEC-03B7-431A-A062-DF892B9C081F}.Debug|Any CPU.Build.0 = Debug|Any CPU
		{8E7F0AEC-03B7-431A-A062-DF892B9C081F}.Release|Any CPU.ActiveCfg = Release|Any CPU
		{8E7F0AEC-03B7-431A-A062-DF892B9C081F}.Release|Any CPU.Build.0 = Release|Any CPU
		{2FCA7FF2-333A-4718-86CE-205D6CC45151}.Debug|Any CPU.ActiveCfg = Debug|Any CPU
		{2FCA7FF2-333A-4718-86CE-205D6CC45151}.Debug|Any CPU.Build.0 = Debug|Any CPU
		{2FCA7FF2-333A-4718-86CE-205D6CC45151}.Release|Any CPU.ActiveCfg = Release|Any CPU
		{2FCA7FF2-333A-4718-86CE-205D6CC45151}.Release|Any CPU.Build.0 = Release|Any CPU
		{D1A1AFE0-EE91-406A-A6D7-454F58B6D77E}.Debug|Any CPU.ActiveCfg = Debug|Any CPU
		{D1A1AFE0-EE91-406A-A6D7-454F58B6D77E}.Debug|Any CPU.Build.0 = Debug|Any CPU
		{D1A1AFE0-EE91-406A-A6D7-454F58B6D77E}.Release|Any CPU.ActiveCfg = Release|Any CPU
		{D1A1AFE0-EE91-406A-A6D7-454F58B6D77E}.Release|Any CPU.Build.0 = Release|Any CPU
	EndGlobalSection
	GlobalSection(SolutionProperties) = preSolution
		HideSolutionNode = FALSE
	EndGlobalSection
	GlobalSection(ExtensibilityGlobals) = postSolution
		SolutionGuid = {EC57579D-E028-4DAE-A9F9-779A22D57771}
	EndGlobalSection
EndGlobal
